Microsoft Visual Studio Solution File, Format Version 11.00
# Visual Studio 2010
Project("{FAE04EC0-301F-11D3-BF4B-00C04F79EFBC}") = "EnergomonitoringXP", "EnergomonitoringXP.csproj", "{F8E0F13F-33FD-4FC6-8F80-889959415259}"
	ProjectSection(ProjectDependencies) = postProject
		{DF98EC72-E98B-4E25-9B0A-71DB44DEF54A} = {DF98EC72-E98B-4E25-9B0A-71DB44DEF54A}
		{D3C782BA-178E-4235-A3BA-8C11DEBB6BEE} = {D3C782BA-178E-4235-A3BA-8C11DEBB6BEE}
	EndProjectSection
EndProject
Project("{FAE04EC0-301F-11D3-BF4B-00C04F79EFBC}") = "WinFormsUI", "WinFormsUI\WinFormsUI.csproj", "{D3C782BA-178E-4235-A3BA-8C11DEBB6BEE}"
EndProject
Project("{FAE04EC0-301F-11D3-BF4B-00C04F79EFBC}") = "EmDbInit", "EmXPinitializator\EmDbInit.csproj", "{8549F44E-1D2C-4200-BED7-D82E23BC6BD5}"
EndProject
Project("{FAE04EC0-301F-11D3-BF4B-00C04F79EFBC}") = "DataGridColumnStyles", "DataGridColumnStyles\DataGridColumnStyles.csproj", "{0D1756DE-7632-4882-A309-54E422EAF350}"
EndProject
Project("{FAE04EC0-301F-11D3-BF4B-00C04F79EFBC}") = "ZedGraph", "ZedGraph\ZedGraph.csproj", "{998CE547-E905-4931-91B6-5E0439177E7E}"
EndProject
Project("{FAE04EC0-301F-11D3-BF4B-00C04F79EFBC}") = "DeviceIO", "DeviceIO\DeviceIO.csproj", "{DF98EC72-E98B-4E25-9B0A-71DB44DEF54A}"
	ProjectSection(ProjectDependencies) = postProject
		{5F241C63-8AAD-49CE-BEBA-D822DB5BD7DD} = {5F241C63-8AAD-49CE-BEBA-D822DB5BD7DD}
	EndProjectSection
EndProject
Project("{FAE04EC0-301F-11D3-BF4B-00C04F79EFBC}") = "EmGraphLib", "EmGraphLib\EmGraphLib.csproj", "{62A91BE2-C885-4701-AD0A-C1DA6324BBD4}"
EndProject
Project("{FAE04EC0-301F-11D3-BF4B-00C04F79EFBC}") = "XML.Excel", "XML.Excel\XML.Excel.csproj", "{EDFAEF62-129E-47BF-89B2-DDDFC72C669E}"
EndProject
Project("{FAE04EC0-301F-11D3-BF4B-00C04F79EFBC}") = "EMWorkNetLicenceGenerator", "EMWorkNetLicenceGenerator\EMWorkNetLicenceGenerator.csproj", "{91C91AEA-23E7-4A2C-A829-7BD46CBE23CC}"
EndProject
Project("{FAE04EC0-301F-11D3-BF4B-00C04F79EFBC}") = "EmWorkNetLicences", "EmWorkNetLicences\EmWorkNetLicences.csproj", "{CEC9A1C4-A14C-4C21-A0A8-E9FA812D97F6}"
EndProject
Project("{FAE04EC0-301F-11D3-BF4B-00C04F79EFBC}") = "NPlot", "NPlot\NPlot.csproj", "{E6867FF5-74EC-4464-8958-D71CB46232F3}"
EndProject
Project("{54435603-DBB4-11D2-8724-00A0C9A8B90C}") = "EmWorkNetInstaller_ru", "Install_ru\Energomonitoring_ru.vdproj", "{AEC37B0A-609E-49D0-9274-0202D180EBED}"
EndProject
Project("{8BC9CEB8-8B4A-11D0-8D11-00A0C91BC942}") = "EmUsb", "EmUsb\EmUsb.vcxproj", "{5B416BF8-98B7-466B-8E9E-2415DDD18D05}"
EndProject
Project("{FAE04EC0-301F-11D3-BF4B-00C04F79EFBC}") = "EmDataSaver", "EmDataSaver\EmDataSaver.csproj", "{098971E0-3A0A-4EC2-A67E-468002E83DE4}"
EndProject
Project("{FAE04EC0-301F-11D3-BF4B-00C04F79EFBC}") = "EmService", "EmService\EmService.csproj", "{0CA7EBD3-A24E-4D19-9001-214C81ADAC51}"
EndProject
Project("{8BC9CEB8-8B4A-11D0-8D11-00A0C91BC942}") = "DeviceIOEmPortCpp", "DeviceIOEmPortCpp\DeviceIOEmPortCpp.vcxproj", "{28A734F8-EE8E-4E88-AC75-F2233D542C8A}"
EndProject
Project("{8BC9CEB8-8B4A-11D0-8D11-00A0C91BC942}") = "DeviceIOEmPortWrap", "DeviceIOEmPortWrap\DeviceIOEmPortWrap.vcxproj", "{5F241C63-8AAD-49CE-BEBA-D822DB5BD7DD}"
EndProject
Project("{FAE04EC0-301F-11D3-BF4B-00C04F79EFBC}") = "ExportToExcel", "ExportToExcel\ExportToExcel.csproj", "{20A0A526-729F-4895-9D0F-8026AF1BA03B}"
EndProject
Project("{FAE04EC0-301F-11D3-BF4B-00C04F79EFBC}") = "EmArchiveTree", "EmArchiveTree\EmArchiveTree.csproj", "{60C49F8C-2D40-4606-A8BA-DCD45DED4DF0}"
EndProject
Project("{FAE04EC0-301F-11D3-BF4B-00C04F79EFBC}") = "DeviceIOEmPortCSharp", "DeviceIOEmPortCSharp\DeviceIOEmPortCSharp.csproj", "{10D55C0F-517B-4F59-9EC0-861259F9E86E}"
EndProject
Project("{8BC9CEB8-8B4A-11D0-8D11-00A0C91BC942}") = "PQPAUsbDriver32", "PQPAUsbDriver32\PQPAUsbDriver32.vcxproj", "{C2E4BFC4-18C6-4028-9FD0-B7110A4568A2}"
EndProject
Project("{FAE04EC0-301F-11D3-BF4B-00C04F79EFBC}") = "FTPClient", "FTPClient\FTPClient.csproj", "{BA829AF7-71AD-4933-95CB-3A21CC6768B0}"
EndProject
Project("{FAE04EC0-301F-11D3-BF4B-00C04F79EFBC}") = "DbServiceLib", "DbServiceLib\DbServiceLib.csproj", "{D1C2A389-7F49-4194-9FEF-25BD8A2A2F41}"
EndProject
Global
	GlobalSection(SolutionConfigurationPlatforms) = preSolution
		Debug|Any CPU = Debug|Any CPU
		Debug|Mixed Platforms = Debug|Mixed Platforms
		Debug|Win32 = Debug|Win32
		Installs|Any CPU = Installs|Any CPU
		Installs|Mixed Platforms = Installs|Mixed Platforms
		Installs|Win32 = Installs|Win32
		NDoc|Any CPU = NDoc|Any CPU
		NDoc|Mixed Platforms = NDoc|Mixed Platforms
		NDoc|Win32 = NDoc|Win32
		QuickRun|Any CPU = QuickRun|Any CPU
		QuickRun|Mixed Platforms = QuickRun|Mixed Platforms
		QuickRun|Win32 = QuickRun|Win32
		Release|Any CPU = Release|Any CPU
		Release|Mixed Platforms = Release|Mixed Platforms
		Release|Win32 = Release|Win32
	EndGlobalSection
	GlobalSection(ProjectConfigurationPlatforms) = postSolution
		{F8E0F13F-33FD-4FC6-8F80-889959415259}.Debug|Any CPU.ActiveCfg = Debug|Any CPU
		{F8E0F13F-33FD-4FC6-8F80-889959415259}.Debug|Any CPU.Build.0 = Debug|Any CPU
		{F8E0F13F-33FD-4FC6-8F80-889959415259}.Debug|Mixed Platforms.ActiveCfg = Debug|Any CPU
		{F8E0F13F-33FD-4FC6-8F80-889959415259}.Debug|Mixed Platforms.Build.0 = Debug|Any CPU
		{F8E0F13F-33FD-4FC6-8F80-889959415259}.Debug|Win32.ActiveCfg = Debug|Any CPU
		{F8E0F13F-33FD-4FC6-8F80-889959415259}.Debug|Win32.Build.0 = Debug|Any CPU
		{F8E0F13F-33FD-4FC6-8F80-889959415259}.Installs|Any CPU.ActiveCfg = Release|Any CPU
		{F8E0F13F-33FD-4FC6-8F80-889959415259}.Installs|Mixed Platforms.ActiveCfg = Installs|Any CPU
		{F8E0F13F-33FD-4FC6-8F80-889959415259}.Installs|Mixed Platforms.Build.0 = Installs|Any CPU
		{F8E0F13F-33FD-4FC6-8F80-889959415259}.Installs|Win32.ActiveCfg = Installs|Any CPU
		{F8E0F13F-33FD-4FC6-8F80-889959415259}.NDoc|Any CPU.ActiveCfg = Release|Any CPU
		{F8E0F13F-33FD-4FC6-8F80-889959415259}.NDoc|Any CPU.Build.0 = Release|Any CPU
		{F8E0F13F-33FD-4FC6-8F80-889959415259}.NDoc|Mixed Platforms.ActiveCfg = Release|Any CPU
		{F8E0F13F-33FD-4FC6-8F80-889959415259}.NDoc|Mixed Platforms.Build.0 = Release|Any CPU
		{F8E0F13F-33FD-4FC6-8F80-889959415259}.NDoc|Win32.ActiveCfg = Release|Any CPU
		{F8E0F13F-33FD-4FC6-8F80-889959415259}.QuickRun|Any CPU.ActiveCfg = QuickRun|Any CPU
		{F8E0F13F-33FD-4FC6-8F80-889959415259}.QuickRun|Mixed Platforms.ActiveCfg = Debug|Any CPU
		{F8E0F13F-33FD-4FC6-8F80-889959415259}.QuickRun|Mixed Platforms.Build.0 = Debug|Any CPU
		{F8E0F13F-33FD-4FC6-8F80-889959415259}.QuickRun|Win32.ActiveCfg = QuickRun|Any CPU
		{F8E0F13F-33FD-4FC6-8F80-889959415259}.Release|Any CPU.ActiveCfg = Release|Any CPU
		{F8E0F13F-33FD-4FC6-8F80-889959415259}.Release|Any CPU.Build.0 = Release|Any CPU
		{F8E0F13F-33FD-4FC6-8F80-889959415259}.Release|Mixed Platforms.ActiveCfg = Release|Any CPU
		{F8E0F13F-33FD-4FC6-8F80-889959415259}.Release|Mixed Platforms.Build.0 = Release|Any CPU
		{F8E0F13F-33FD-4FC6-8F80-889959415259}.Release|Win32.ActiveCfg = Release|Any CPU
		{F8E0F13F-33FD-4FC6-8F80-889959415259}.Release|Win32.Build.0 = Release|Any CPU
		{D3C782BA-178E-4235-A3BA-8C11DEBB6BEE}.Debug|Any CPU.ActiveCfg = Debug|Any CPU
		{D3C782BA-178E-4235-A3BA-8C11DEBB6BEE}.Debug|Any CPU.Build.0 = Debug|Any CPU
		{D3C782BA-178E-4235-A3BA-8C11DEBB6BEE}.Debug|Mixed Platforms.ActiveCfg = Debug|Any CPU
		{D3C782BA-178E-4235-A3BA-8C11DEBB6BEE}.Debug|Mixed Platforms.Build.0 = Debug|Any CPU
		{D3C782BA-178E-4235-A3BA-8C11DEBB6BEE}.Debug|Win32.ActiveCfg = Debug|Any CPU
		{D3C782BA-178E-4235-A3BA-8C11DEBB6BEE}.Installs|Any CPU.ActiveCfg = Release|Any CPU
		{D3C782BA-178E-4235-A3BA-8C11DEBB6BEE}.Installs|Mixed Platforms.ActiveCfg = Installs|Any CPU
		{D3C782BA-178E-4235-A3BA-8C11DEBB6BEE}.Installs|Mixed Platforms.Build.0 = Installs|Any CPU
		{D3C782BA-178E-4235-A3BA-8C11DEBB6BEE}.Installs|Win32.ActiveCfg = Installs|Any CPU
		{D3C782BA-178E-4235-A3BA-8C11DEBB6BEE}.NDoc|Any CPU.ActiveCfg = NDoc|Any CPU
		{D3C782BA-178E-4235-A3BA-8C11DEBB6BEE}.NDoc|Any CPU.Build.0 = NDoc|Any CPU
		{D3C782BA-178E-4235-A3BA-8C11DEBB6BEE}.NDoc|Mixed Platforms.ActiveCfg = NDoc|Any CPU
		{D3C782BA-178E-4235-A3BA-8C11DEBB6BEE}.NDoc|Mixed Platforms.Build.0 = NDoc|Any CPU
		{D3C782BA-178E-4235-A3BA-8C11DEBB6BEE}.NDoc|Win32.ActiveCfg = NDoc|Any CPU
		{D3C782BA-178E-4235-A3BA-8C11DEBB6BEE}.QuickRun|Any CPU.ActiveCfg = QuickRun|Any CPU
		{D3C782BA-178E-4235-A3BA-8C11DEBB6BEE}.QuickRun|Mixed Platforms.ActiveCfg = Debug|Any CPU
		{D3C782BA-178E-4235-A3BA-8C11DEBB6BEE}.QuickRun|Win32.ActiveCfg = QuickRun|Any CPU
		{D3C782BA-178E-4235-A3BA-8C11DEBB6BEE}.Release|Any CPU.ActiveCfg = Release|Any CPU
		{D3C782BA-178E-4235-A3BA-8C11DEBB6BEE}.Release|Any CPU.Build.0 = Release|Any CPU
		{D3C782BA-178E-4235-A3BA-8C11DEBB6BEE}.Release|Mixed Platforms.ActiveCfg = Release|Any CPU
		{D3C782BA-178E-4235-A3BA-8C11DEBB6BEE}.Release|Mixed Platforms.Build.0 = Release|Any CPU
		{D3C782BA-178E-4235-A3BA-8C11DEBB6BEE}.Release|Win32.ActiveCfg = Release|Any CPU
		{D3C782BA-178E-4235-A3BA-8C11DEBB6BEE}.Release|Win32.Build.0 = Release|Any CPU
		{8549F44E-1D2C-4200-BED7-D82E23BC6BD5}.Debug|Any CPU.ActiveCfg = Debug|Any CPU
		{8549F44E-1D2C-4200-BED7-D82E23BC6BD5}.Debug|Any CPU.Build.0 = Debug|Any CPU
		{8549F44E-1D2C-4200-BED7-D82E23BC6BD5}.Debug|Mixed Platforms.ActiveCfg = Debug|Any CPU
		{8549F44E-1D2C-4200-BED7-D82E23BC6BD5}.Debug|Win32.ActiveCfg = Debug|Any CPU
		{8549F44E-1D2C-4200-BED7-D82E23BC6BD5}.Debug|Win32.Build.0 = Debug|Any CPU
		{8549F44E-1D2C-4200-BED7-D82E23BC6BD5}.Installs|Any CPU.ActiveCfg = Release|Any CPU
		{8549F44E-1D2C-4200-BED7-D82E23BC6BD5}.Installs|Mixed Platforms.ActiveCfg = Installs|Any CPU
		{8549F44E-1D2C-4200-BED7-D82E23BC6BD5}.Installs|Mixed Platforms.Build.0 = Installs|Any CPU
		{8549F44E-1D2C-4200-BED7-D82E23BC6BD5}.Installs|Win32.ActiveCfg = Installs|Any CPU
		{8549F44E-1D2C-4200-BED7-D82E23BC6BD5}.NDoc|Any CPU.ActiveCfg = Release|Any CPU
		{8549F44E-1D2C-4200-BED7-D82E23BC6BD5}.NDoc|Any CPU.Build.0 = Release|Any CPU
		{8549F44E-1D2C-4200-BED7-D82E23BC6BD5}.NDoc|Mixed Platforms.ActiveCfg = Release|Any CPU
		{8549F44E-1D2C-4200-BED7-D82E23BC6BD5}.NDoc|Mixed Platforms.Build.0 = Release|Any CPU
		{8549F44E-1D2C-4200-BED7-D82E23BC6BD5}.NDoc|Win32.ActiveCfg = Release|Any CPU
		{8549F44E-1D2C-4200-BED7-D82E23BC6BD5}.QuickRun|Any CPU.ActiveCfg = QuickRun|Any CPU
		{8549F44E-1D2C-4200-BED7-D82E23BC6BD5}.QuickRun|Mixed Platforms.ActiveCfg = Debug|Any CPU
		{8549F44E-1D2C-4200-BED7-D82E23BC6BD5}.QuickRun|Win32.ActiveCfg = QuickRun|Any CPU
		{8549F44E-1D2C-4200-BED7-D82E23BC6BD5}.Release|Any CPU.ActiveCfg = Release|Any CPU
		{8549F44E-1D2C-4200-BED7-D82E23BC6BD5}.Release|Any CPU.Build.0 = Release|Any CPU
		{8549F44E-1D2C-4200-BED7-D82E23BC6BD5}.Release|Mixed Platforms.ActiveCfg = Release|Any CPU
		{8549F44E-1D2C-4200-BED7-D82E23BC6BD5}.Release|Win32.ActiveCfg = Release|Any CPU
		{8549F44E-1D2C-4200-BED7-D82E23BC6BD5}.Release|Win32.Build.0 = Release|Any CPU
		{0D1756DE-7632-4882-A309-54E422EAF350}.Debug|Any CPU.ActiveCfg = Debug|Any CPU
		{0D1756DE-7632-4882-A309-54E422EAF350}.Debug|Any CPU.Build.0 = Debug|Any CPU
		{0D1756DE-7632-4882-A309-54E422EAF350}.Debug|Mixed Platforms.ActiveCfg = Debug|Any CPU
		{0D1756DE-7632-4882-A309-54E422EAF350}.Debug|Mixed Platforms.Build.0 = Debug|Any CPU
		{0D1756DE-7632-4882-A309-54E422EAF350}.Debug|Win32.ActiveCfg = Debug|Any CPU
		{0D1756DE-7632-4882-A309-54E422EAF350}.Installs|Any CPU.ActiveCfg = Release|Any CPU
		{0D1756DE-7632-4882-A309-54E422EAF350}.Installs|Mixed Platforms.ActiveCfg = Installs|Any CPU
		{0D1756DE-7632-4882-A309-54E422EAF350}.Installs|Mixed Platforms.Build.0 = Installs|Any CPU
		{0D1756DE-7632-4882-A309-54E422EAF350}.Installs|Win32.ActiveCfg = Installs|Any CPU
		{0D1756DE-7632-4882-A309-54E422EAF350}.NDoc|Any CPU.ActiveCfg = Release|Any CPU
		{0D1756DE-7632-4882-A309-54E422EAF350}.NDoc|Any CPU.Build.0 = Release|Any CPU
		{0D1756DE-7632-4882-A309-54E422EAF350}.NDoc|Mixed Platforms.ActiveCfg = Release|Any CPU
		{0D1756DE-7632-4882-A309-54E422EAF350}.NDoc|Mixed Platforms.Build.0 = Release|Any CPU
		{0D1756DE-7632-4882-A309-54E422EAF350}.NDoc|Win32.ActiveCfg = Release|Any CPU
		{0D1756DE-7632-4882-A309-54E422EAF350}.QuickRun|Any CPU.ActiveCfg = QuickRun|Any CPU
		{0D1756DE-7632-4882-A309-54E422EAF350}.QuickRun|Mixed Platforms.ActiveCfg = Debug|Any CPU
		{0D1756DE-7632-4882-A309-54E422EAF350}.QuickRun|Win32.ActiveCfg = QuickRun|Any CPU
		{0D1756DE-7632-4882-A309-54E422EAF350}.Release|Any CPU.ActiveCfg = Release|Any CPU
		{0D1756DE-7632-4882-A309-54E422EAF350}.Release|Any CPU.Build.0 = Release|Any CPU
		{0D1756DE-7632-4882-A309-54E422EAF350}.Release|Mixed Platforms.ActiveCfg = Release|Any CPU
		{0D1756DE-7632-4882-A309-54E422EAF350}.Release|Mixed Platforms.Build.0 = Release|Any CPU
		{0D1756DE-7632-4882-A309-54E422EAF350}.Release|Win32.ActiveCfg = Release|Any CPU
		{0D1756DE-7632-4882-A309-54E422EAF350}.Release|Win32.Build.0 = Release|Any CPU
		{998CE547-E905-4931-91B6-5E0439177E7E}.Debug|Any CPU.ActiveCfg = Debug|Any CPU
		{998CE547-E905-4931-91B6-5E0439177E7E}.Debug|Any CPU.Build.0 = Debug|Any CPU
		{998CE547-E905-4931-91B6-5E0439177E7E}.Debug|Mixed Platforms.ActiveCfg = Debug|Any CPU
		{998CE547-E905-4931-91B6-5E0439177E7E}.Debug|Mixed Platforms.Build.0 = Debug|Any CPU
		{998CE547-E905-4931-91B6-5E0439177E7E}.Debug|Win32.ActiveCfg = Debug|Any CPU
		{998CE547-E905-4931-91B6-5E0439177E7E}.Installs|Any CPU.ActiveCfg = Release|Any CPU
		{998CE547-E905-4931-91B6-5E0439177E7E}.Installs|Mixed Platforms.ActiveCfg = Installs|Any CPU
		{998CE547-E905-4931-91B6-5E0439177E7E}.Installs|Mixed Platforms.Build.0 = Installs|Any CPU
		{998CE547-E905-4931-91B6-5E0439177E7E}.Installs|Win32.ActiveCfg = Installs|Any CPU
		{998CE547-E905-4931-91B6-5E0439177E7E}.NDoc|Any CPU.ActiveCfg = Release|Any CPU
		{998CE547-E905-4931-91B6-5E0439177E7E}.NDoc|Any CPU.Build.0 = Release|Any CPU
		{998CE547-E905-4931-91B6-5E0439177E7E}.NDoc|Mixed Platforms.ActiveCfg = Release|Any CPU
		{998CE547-E905-4931-91B6-5E0439177E7E}.NDoc|Mixed Platforms.Build.0 = Release|Any CPU
		{998CE547-E905-4931-91B6-5E0439177E7E}.NDoc|Win32.ActiveCfg = Release|Any CPU
		{998CE547-E905-4931-91B6-5E0439177E7E}.QuickRun|Any CPU.ActiveCfg = QuickRun|Any CPU
		{998CE547-E905-4931-91B6-5E0439177E7E}.QuickRun|Mixed Platforms.ActiveCfg = Debug|Any CPU
		{998CE547-E905-4931-91B6-5E0439177E7E}.QuickRun|Win32.ActiveCfg = QuickRun|Any CPU
		{998CE547-E905-4931-91B6-5E0439177E7E}.Release|Any CPU.ActiveCfg = Release|Any CPU
		{998CE547-E905-4931-91B6-5E0439177E7E}.Release|Any CPU.Build.0 = Release|Any CPU
		{998CE547-E905-4931-91B6-5E0439177E7E}.Release|Mixed Platforms.ActiveCfg = Release|Any CPU
		{998CE547-E905-4931-91B6-5E0439177E7E}.Release|Mixed Platforms.Build.0 = Release|Any CPU
		{998CE547-E905-4931-91B6-5E0439177E7E}.Release|Win32.ActiveCfg = Release|Any CPU
		{998CE547-E905-4931-91B6-5E0439177E7E}.Release|Win32.Build.0 = Release|Any CPU
		{DF98EC72-E98B-4E25-9B0A-71DB44DEF54A}.Debug|Any CPU.ActiveCfg = Debug|Any CPU
		{DF98EC72-E98B-4E25-9B0A-71DB44DEF54A}.Debug|Any CPU.Build.0 = Debug|Any CPU
		{DF98EC72-E98B-4E25-9B0A-71DB44DEF54A}.Debug|Mixed Platforms.ActiveCfg = Debug|Any CPU
		{DF98EC72-E98B-4E25-9B0A-71DB44DEF54A}.Debug|Mixed Platforms.Build.0 = Debug|Any CPU
		{DF98EC72-E98B-4E25-9B0A-71DB44DEF54A}.Debug|Win32.ActiveCfg = Debug|Any CPU
		{DF98EC72-E98B-4E25-9B0A-71DB44DEF54A}.Debug|Win32.Build.0 = Debug|Any CPU
		{DF98EC72-E98B-4E25-9B0A-71DB44DEF54A}.Installs|Any CPU.ActiveCfg = Release|Any CPU
		{DF98EC72-E98B-4E25-9B0A-71DB44DEF54A}.Installs|Mixed Platforms.ActiveCfg = Installs|Any CPU
		{DF98EC72-E98B-4E25-9B0A-71DB44DEF54A}.Installs|Mixed Platforms.Build.0 = Installs|Any CPU
		{DF98EC72-E98B-4E25-9B0A-71DB44DEF54A}.Installs|Win32.ActiveCfg = Installs|Any CPU
		{DF98EC72-E98B-4E25-9B0A-71DB44DEF54A}.NDoc|Any CPU.ActiveCfg = Release|Any CPU
		{DF98EC72-E98B-4E25-9B0A-71DB44DEF54A}.NDoc|Any CPU.Build.0 = Release|Any CPU
		{DF98EC72-E98B-4E25-9B0A-71DB44DEF54A}.NDoc|Mixed Platforms.ActiveCfg = Release|Any CPU
		{DF98EC72-E98B-4E25-9B0A-71DB44DEF54A}.NDoc|Mixed Platforms.Build.0 = Release|Any CPU
		{DF98EC72-E98B-4E25-9B0A-71DB44DEF54A}.NDoc|Win32.ActiveCfg = Release|Any CPU
		{DF98EC72-E98B-4E25-9B0A-71DB44DEF54A}.QuickRun|Any CPU.ActiveCfg = Debug|Any CPU
		{DF98EC72-E98B-4E25-9B0A-71DB44DEF54A}.QuickRun|Any CPU.Build.0 = Debug|Any CPU
		{DF98EC72-E98B-4E25-9B0A-71DB44DEF54A}.QuickRun|Mixed Platforms.ActiveCfg = Debug|Any CPU
		{DF98EC72-E98B-4E25-9B0A-71DB44DEF54A}.QuickRun|Win32.ActiveCfg = QuickRun|Any CPU
		{DF98EC72-E98B-4E25-9B0A-71DB44DEF54A}.Release|Any CPU.ActiveCfg = Release|Any CPU
		{DF98EC72-E98B-4E25-9B0A-71DB44DEF54A}.Release|Any CPU.Build.0 = Release|Any CPU
		{DF98EC72-E98B-4E25-9B0A-71DB44DEF54A}.Release|Mixed Platforms.ActiveCfg = Release|Any CPU
		{DF98EC72-E98B-4E25-9B0A-71DB44DEF54A}.Release|Mixed Platforms.Build.0 = Release|Any CPU
		{DF98EC72-E98B-4E25-9B0A-71DB44DEF54A}.Release|Win32.ActiveCfg = Release|Any CPU
		{DF98EC72-E98B-4E25-9B0A-71DB44DEF54A}.Release|Win32.Build.0 = Release|Any CPU
		{62A91BE2-C885-4701-AD0A-C1DA6324BBD4}.Debug|Any CPU.ActiveCfg = Debug|Any CPU
		{62A91BE2-C885-4701-AD0A-C1DA6324BBD4}.Debug|Any CPU.Build.0 = Debug|Any CPU
		{62A91BE2-C885-4701-AD0A-C1DA6324BBD4}.Debug|Mixed Platforms.ActiveCfg = Debug|Any CPU
		{62A91BE2-C885-4701-AD0A-C1DA6324BBD4}.Debug|Mixed Platforms.Build.0 = Debug|Any CPU
		{62A91BE2-C885-4701-AD0A-C1DA6324BBD4}.Debug|Win32.ActiveCfg = Debug|Any CPU
		{62A91BE2-C885-4701-AD0A-C1DA6324BBD4}.Installs|Any CPU.ActiveCfg = Release|Any CPU
		{62A91BE2-C885-4701-AD0A-C1DA6324BBD4}.Installs|Mixed Platforms.ActiveCfg = Installs|Any CPU
		{62A91BE2-C885-4701-AD0A-C1DA6324BBD4}.Installs|Mixed Platforms.Build.0 = Installs|Any CPU
		{62A91BE2-C885-4701-AD0A-C1DA6324BBD4}.Installs|Win32.ActiveCfg = Installs|Any CPU
		{62A91BE2-C885-4701-AD0A-C1DA6324BBD4}.NDoc|Any CPU.ActiveCfg = Release|Any CPU
		{62A91BE2-C885-4701-AD0A-C1DA6324BBD4}.NDoc|Any CPU.Build.0 = Release|Any CPU
		{62A91BE2-C885-4701-AD0A-C1DA6324BBD4}.NDoc|Mixed Platforms.ActiveCfg = Release|Any CPU
		{62A91BE2-C885-4701-AD0A-C1DA6324BBD4}.NDoc|Mixed Platforms.Build.0 = Release|Any CPU
		{62A91BE2-C885-4701-AD0A-C1DA6324BBD4}.NDoc|Win32.ActiveCfg = Release|Any CPU
		{62A91BE2-C885-4701-AD0A-C1DA6324BBD4}.QuickRun|Any CPU.ActiveCfg = QuickRun|Any CPU
		{62A91BE2-C885-4701-AD0A-C1DA6324BBD4}.QuickRun|Mixed Platforms.ActiveCfg = Debug|Any CPU
		{62A91BE2-C885-4701-AD0A-C1DA6324BBD4}.QuickRun|Mixed Platforms.Build.0 = Debug|Any CPU
		{62A91BE2-C885-4701-AD0A-C1DA6324BBD4}.QuickRun|Win32.ActiveCfg = QuickRun|Any CPU
		{62A91BE2-C885-4701-AD0A-C1DA6324BBD4}.Release|Any CPU.ActiveCfg = Release|Any CPU
		{62A91BE2-C885-4701-AD0A-C1DA6324BBD4}.Release|Any CPU.Build.0 = Release|Any CPU
		{62A91BE2-C885-4701-AD0A-C1DA6324BBD4}.Release|Mixed Platforms.ActiveCfg = Release|Any CPU
		{62A91BE2-C885-4701-AD0A-C1DA6324BBD4}.Release|Mixed Platforms.Build.0 = Release|Any CPU
		{62A91BE2-C885-4701-AD0A-C1DA6324BBD4}.Release|Win32.ActiveCfg = Release|Any CPU
		{62A91BE2-C885-4701-AD0A-C1DA6324BBD4}.Release|Win32.Build.0 = Release|Any CPU
		{EDFAEF62-129E-47BF-89B2-DDDFC72C669E}.Debug|Any CPU.ActiveCfg = Debug|Any CPU
		{EDFAEF62-129E-47BF-89B2-DDDFC72C669E}.Debug|Any CPU.Build.0 = Debug|Any CPU
		{EDFAEF62-129E-47BF-89B2-DDDFC72C669E}.Debug|Mixed Platforms.ActiveCfg = Debug|Any CPU
		{EDFAEF62-129E-47BF-89B2-DDDFC72C669E}.Debug|Mixed Platforms.Build.0 = Debug|Any CPU
		{EDFAEF62-129E-47BF-89B2-DDDFC72C669E}.Debug|Win32.ActiveCfg = Debug|Any CPU
		{EDFAEF62-129E-47BF-89B2-DDDFC72C669E}.Installs|Any CPU.ActiveCfg = Release|Any CPU
		{EDFAEF62-129E-47BF-89B2-DDDFC72C669E}.Installs|Mixed Platforms.ActiveCfg = Installs|Any CPU
		{EDFAEF62-129E-47BF-89B2-DDDFC72C669E}.Installs|Mixed Platforms.Build.0 = Installs|Any CPU
		{EDFAEF62-129E-47BF-89B2-DDDFC72C669E}.Installs|Win32.ActiveCfg = Installs|Any CPU
		{EDFAEF62-129E-47BF-89B2-DDDFC72C669E}.NDoc|Any CPU.ActiveCfg = Release|Any CPU
		{EDFAEF62-129E-47BF-89B2-DDDFC72C669E}.NDoc|Any CPU.Build.0 = Release|Any CPU
		{EDFAEF62-129E-47BF-89B2-DDDFC72C669E}.NDoc|Mixed Platforms.ActiveCfg = Release|Any CPU
		{EDFAEF62-129E-47BF-89B2-DDDFC72C669E}.NDoc|Mixed Platforms.Build.0 = Release|Any CPU
		{EDFAEF62-129E-47BF-89B2-DDDFC72C669E}.NDoc|Win32.ActiveCfg = Release|Any CPU
		{EDFAEF62-129E-47BF-89B2-DDDFC72C669E}.QuickRun|Any CPU.ActiveCfg = QuickRun|Any CPU
		{EDFAEF62-129E-47BF-89B2-DDDFC72C669E}.QuickRun|Mixed Platforms.ActiveCfg = Debug|Any CPU
		{EDFAEF62-129E-47BF-89B2-DDDFC72C669E}.QuickRun|Win32.ActiveCfg = QuickRun|Any CPU
		{EDFAEF62-129E-47BF-89B2-DDDFC72C669E}.Release|Any CPU.ActiveCfg = Release|Any CPU
		{EDFAEF62-129E-47BF-89B2-DDDFC72C669E}.Release|Any CPU.Build.0 = Release|Any CPU
		{EDFAEF62-129E-47BF-89B2-DDDFC72C669E}.Release|Mixed Platforms.ActiveCfg = Release|Any CPU
		{EDFAEF62-129E-47BF-89B2-DDDFC72C669E}.Release|Mixed Platforms.Build.0 = Release|Any CPU
		{EDFAEF62-129E-47BF-89B2-DDDFC72C669E}.Release|Win32.ActiveCfg = Release|Any CPU
		{EDFAEF62-129E-47BF-89B2-DDDFC72C669E}.Release|Win32.Build.0 = Release|Any CPU
		{91C91AEA-23E7-4A2C-A829-7BD46CBE23CC}.Debug|Any CPU.ActiveCfg = Debug|Any CPU
		{91C91AEA-23E7-4A2C-A829-7BD46CBE23CC}.Debug|Any CPU.Build.0 = Debug|Any CPU
		{91C91AEA-23E7-4A2C-A829-7BD46CBE23CC}.Debug|Mixed Platforms.ActiveCfg = Debug|Any CPU
		{91C91AEA-23E7-4A2C-A829-7BD46CBE23CC}.Debug|Win32.ActiveCfg = Debug|Any CPU
		{91C91AEA-23E7-4A2C-A829-7BD46CBE23CC}.Installs|Any CPU.ActiveCfg = Release|Any CPU
		{91C91AEA-23E7-4A2C-A829-7BD46CBE23CC}.Installs|Mixed Platforms.ActiveCfg = Installs|Any CPU
		{91C91AEA-23E7-4A2C-A829-7BD46CBE23CC}.Installs|Mixed Platforms.Build.0 = Installs|Any CPU
		{91C91AEA-23E7-4A2C-A829-7BD46CBE23CC}.Installs|Win32.ActiveCfg = Installs|Any CPU
		{91C91AEA-23E7-4A2C-A829-7BD46CBE23CC}.NDoc|Any CPU.ActiveCfg = Release|Any CPU
		{91C91AEA-23E7-4A2C-A829-7BD46CBE23CC}.NDoc|Any CPU.Build.0 = Release|Any CPU
		{91C91AEA-23E7-4A2C-A829-7BD46CBE23CC}.NDoc|Mixed Platforms.ActiveCfg = Release|Any CPU
		{91C91AEA-23E7-4A2C-A829-7BD46CBE23CC}.NDoc|Mixed Platforms.Build.0 = Release|Any CPU
		{91C91AEA-23E7-4A2C-A829-7BD46CBE23CC}.NDoc|Win32.ActiveCfg = Release|Any CPU
		{91C91AEA-23E7-4A2C-A829-7BD46CBE23CC}.QuickRun|Any CPU.ActiveCfg = QuickRun|Any CPU
		{91C91AEA-23E7-4A2C-A829-7BD46CBE23CC}.QuickRun|Mixed Platforms.ActiveCfg = Debug|Any CPU
		{91C91AEA-23E7-4A2C-A829-7BD46CBE23CC}.QuickRun|Win32.ActiveCfg = QuickRun|Any CPU
		{91C91AEA-23E7-4A2C-A829-7BD46CBE23CC}.Release|Any CPU.ActiveCfg = Release|Any CPU
		{91C91AEA-23E7-4A2C-A829-7BD46CBE23CC}.Release|Any CPU.Build.0 = Release|Any CPU
		{91C91AEA-23E7-4A2C-A829-7BD46CBE23CC}.Release|Mixed Platforms.ActiveCfg = Release|Any CPU
		{91C91AEA-23E7-4A2C-A829-7BD46CBE23CC}.Release|Win32.ActiveCfg = Release|Any CPU
		{CEC9A1C4-A14C-4C21-A0A8-E9FA812D97F6}.Debug|Any CPU.ActiveCfg = Debug|Any CPU
		{CEC9A1C4-A14C-4C21-A0A8-E9FA812D97F6}.Debug|Any CPU.Build.0 = Debug|Any CPU
		{CEC9A1C4-A14C-4C21-A0A8-E9FA812D97F6}.Debug|Mixed Platforms.ActiveCfg = Debug|Any CPU
		{CEC9A1C4-A14C-4C21-A0A8-E9FA812D97F6}.Debug|Mixed Platforms.Build.0 = Debug|Any CPU
		{CEC9A1C4-A14C-4C21-A0A8-E9FA812D97F6}.Debug|Win32.ActiveCfg = Debug|Any CPU
		{CEC9A1C4-A14C-4C21-A0A8-E9FA812D97F6}.Installs|Any CPU.ActiveCfg = Release|Any CPU
		{CEC9A1C4-A14C-4C21-A0A8-E9FA812D97F6}.Installs|Mixed Platforms.ActiveCfg = Installs|Any CPU
		{CEC9A1C4-A14C-4C21-A0A8-E9FA812D97F6}.Installs|Mixed Platforms.Build.0 = Installs|Any CPU
		{CEC9A1C4-A14C-4C21-A0A8-E9FA812D97F6}.Installs|Win32.ActiveCfg = Installs|Any CPU
		{CEC9A1C4-A14C-4C21-A0A8-E9FA812D97F6}.NDoc|Any CPU.ActiveCfg = Release|Any CPU
		{CEC9A1C4-A14C-4C21-A0A8-E9FA812D97F6}.NDoc|Any CPU.Build.0 = Release|Any CPU
		{CEC9A1C4-A14C-4C21-A0A8-E9FA812D97F6}.NDoc|Mixed Platforms.ActiveCfg = Release|Any CPU
		{CEC9A1C4-A14C-4C21-A0A8-E9FA812D97F6}.NDoc|Mixed Platforms.Build.0 = Release|Any CPU
		{CEC9A1C4-A14C-4C21-A0A8-E9FA812D97F6}.NDoc|Win32.ActiveCfg = Release|Any CPU
		{CEC9A1C4-A14C-4C21-A0A8-E9FA812D97F6}.QuickRun|Any CPU.ActiveCfg = QuickRun|Any CPU
		{CEC9A1C4-A14C-4C21-A0A8-E9FA812D97F6}.QuickRun|Mixed Platforms.ActiveCfg = Debug|Any CPU
		{CEC9A1C4-A14C-4C21-A0A8-E9FA812D97F6}.QuickRun|Win32.ActiveCfg = QuickRun|Any CPU
		{CEC9A1C4-A14C-4C21-A0A8-E9FA812D97F6}.Release|Any CPU.ActiveCfg = Release|Any CPU
		{CEC9A1C4-A14C-4C21-A0A8-E9FA812D97F6}.Release|Any CPU.Build.0 = Release|Any CPU
		{CEC9A1C4-A14C-4C21-A0A8-E9FA812D97F6}.Release|Mixed Platforms.ActiveCfg = Release|Any CPU
		{CEC9A1C4-A14C-4C21-A0A8-E9FA812D97F6}.Release|Mixed Platforms.Build.0 = Release|Any CPU
		{CEC9A1C4-A14C-4C21-A0A8-E9FA812D97F6}.Release|Win32.ActiveCfg = Release|Any CPU
		{CEC9A1C4-A14C-4C21-A0A8-E9FA812D97F6}.Release|Win32.Build.0 = Release|Any CPU
		{E6867FF5-74EC-4464-8958-D71CB46232F3}.Debug|Any CPU.ActiveCfg = Debug|Any CPU
		{E6867FF5-74EC-4464-8958-D71CB46232F3}.Debug|Any CPU.Build.0 = Debug|Any CPU
		{E6867FF5-74EC-4464-8958-D71CB46232F3}.Debug|Mixed Platforms.ActiveCfg = Debug|Any CPU
		{E6867FF5-74EC-4464-8958-D71CB46232F3}.Debug|Mixed Platforms.Build.0 = Debug|Any CPU
		{E6867FF5-74EC-4464-8958-D71CB46232F3}.Debug|Win32.ActiveCfg = Debug|Any CPU
		{E6867FF5-74EC-4464-8958-D71CB46232F3}.Installs|Any CPU.ActiveCfg = Release|Any CPU
		{E6867FF5-74EC-4464-8958-D71CB46232F3}.Installs|Mixed Platforms.ActiveCfg = Installs|Any CPU
		{E6867FF5-74EC-4464-8958-D71CB46232F3}.Installs|Mixed Platforms.Build.0 = Installs|Any CPU
		{E6867FF5-74EC-4464-8958-D71CB46232F3}.Installs|Win32.ActiveCfg = Installs|Any CPU
		{E6867FF5-74EC-4464-8958-D71CB46232F3}.NDoc|Any CPU.ActiveCfg = Release|Any CPU
		{E6867FF5-74EC-4464-8958-D71CB46232F3}.NDoc|Any CPU.Build.0 = Release|Any CPU
		{E6867FF5-74EC-4464-8958-D71CB46232F3}.NDoc|Mixed Platforms.ActiveCfg = Release|Any CPU
		{E6867FF5-74EC-4464-8958-D71CB46232F3}.NDoc|Mixed Platforms.Build.0 = Release|Any CPU
		{E6867FF5-74EC-4464-8958-D71CB46232F3}.NDoc|Win32.ActiveCfg = Release|Any CPU
		{E6867FF5-74EC-4464-8958-D71CB46232F3}.QuickRun|Any CPU.ActiveCfg = QuickRun|Any CPU
		{E6867FF5-74EC-4464-8958-D71CB46232F3}.QuickRun|Mixed Platforms.ActiveCfg = Debug|Any CPU
		{E6867FF5-74EC-4464-8958-D71CB46232F3}.QuickRun|Mixed Platforms.Build.0 = Debug|Any CPU
		{E6867FF5-74EC-4464-8958-D71CB46232F3}.QuickRun|Win32.ActiveCfg = QuickRun|Any CPU
		{E6867FF5-74EC-4464-8958-D71CB46232F3}.Release|Any CPU.ActiveCfg = Release|Any CPU
		{E6867FF5-74EC-4464-8958-D71CB46232F3}.Release|Any CPU.Build.0 = Release|Any CPU
		{E6867FF5-74EC-4464-8958-D71CB46232F3}.Release|Mixed Platforms.ActiveCfg = Release|Any CPU
		{E6867FF5-74EC-4464-8958-D71CB46232F3}.Release|Mixed Platforms.Build.0 = Release|Any CPU
		{E6867FF5-74EC-4464-8958-D71CB46232F3}.Release|Win32.ActiveCfg = Release|Any CPU
		{E6867FF5-74EC-4464-8958-D71CB46232F3}.Release|Win32.Build.0 = Release|Any CPU
		{AEC37B0A-609E-49D0-9274-0202D180EBED}.Debug|Any CPU.ActiveCfg = Debug
		{AEC37B0A-609E-49D0-9274-0202D180EBED}.Debug|Mixed Platforms.ActiveCfg = Debug
		{AEC37B0A-609E-49D0-9274-0202D180EBED}.Debug|Win32.ActiveCfg = Debug
		{AEC37B0A-609E-49D0-9274-0202D180EBED}.Installs|Any CPU.ActiveCfg = Release
		{AEC37B0A-609E-49D0-9274-0202D180EBED}.Installs|Any CPU.Build.0 = Release
		{AEC37B0A-609E-49D0-9274-0202D180EBED}.Installs|Mixed Platforms.ActiveCfg = Installs
		{AEC37B0A-609E-49D0-9274-0202D180EBED}.Installs|Mixed Platforms.Build.0 = Installs
		{AEC37B0A-609E-49D0-9274-0202D180EBED}.Installs|Win32.ActiveCfg = Installs
		{AEC37B0A-609E-49D0-9274-0202D180EBED}.Installs|Win32.Build.0 = Installs
		{AEC37B0A-609E-49D0-9274-0202D180EBED}.NDoc|Any CPU.ActiveCfg = Release
		{AEC37B0A-609E-49D0-9274-0202D180EBED}.NDoc|Any CPU.Build.0 = Release
		{AEC37B0A-609E-49D0-9274-0202D180EBED}.NDoc|Mixed Platforms.ActiveCfg = Release
		{AEC37B0A-609E-49D0-9274-0202D180EBED}.NDoc|Mixed Platforms.Build.0 = Release
		{AEC37B0A-609E-49D0-9274-0202D180EBED}.NDoc|Win32.ActiveCfg = Release
		{AEC37B0A-609E-49D0-9274-0202D180EBED}.NDoc|Win32.Build.0 = Release
		{AEC37B0A-609E-49D0-9274-0202D180EBED}.QuickRun|Any CPU.ActiveCfg = QuickRun
		{AEC37B0A-609E-49D0-9274-0202D180EBED}.QuickRun|Mixed Platforms.ActiveCfg = QuickRun
		{AEC37B0A-609E-49D0-9274-0202D180EBED}.QuickRun|Mixed Platforms.Build.0 = QuickRun
		{AEC37B0A-609E-49D0-9274-0202D180EBED}.QuickRun|Win32.ActiveCfg = QuickRun
		{AEC37B0A-609E-49D0-9274-0202D180EBED}.QuickRun|Win32.Build.0 = QuickRun
		{AEC37B0A-609E-49D0-9274-0202D180EBED}.Release|Any CPU.ActiveCfg = Release
		{AEC37B0A-609E-49D0-9274-0202D180EBED}.Release|Mixed Platforms.ActiveCfg = Release
		{AEC37B0A-609E-49D0-9274-0202D180EBED}.Release|Win32.ActiveCfg = Release
		{AEC37B0A-609E-49D0-9274-0202D180EBED}.Release|Win32.Build.0 = Release
		{5B416BF8-98B7-466B-8E9E-2415DDD18D05}.Debug|Any CPU.ActiveCfg = Debug|Win32
		{5B416BF8-98B7-466B-8E9E-2415DDD18D05}.Debug|Any CPU.Build.0 = Debug|Win32
		{5B416BF8-98B7-466B-8E9E-2415DDD18D05}.Debug|Mixed Platforms.ActiveCfg = Debug|Win32
		{5B416BF8-98B7-466B-8E9E-2415DDD18D05}.Debug|Win32.ActiveCfg = Debug|Win32
		{5B416BF8-98B7-466B-8E9E-2415DDD18D05}.Debug|Win32.Build.0 = Debug|Win32
		{5B416BF8-98B7-466B-8E9E-2415DDD18D05}.Installs|Any CPU.ActiveCfg = Debug|Win32
		{5B416BF8-98B7-466B-8E9E-2415DDD18D05}.Installs|Mixed Platforms.ActiveCfg = Installs|Win32
		{5B416BF8-98B7-466B-8E9E-2415DDD18D05}.Installs|Mixed Platforms.Build.0 = Installs|Win32
		{5B416BF8-98B7-466B-8E9E-2415DDD18D05}.Installs|Win32.ActiveCfg = Installs|Win32
		{5B416BF8-98B7-466B-8E9E-2415DDD18D05}.Installs|Win32.Build.0 = Installs|Win32
		{5B416BF8-98B7-466B-8E9E-2415DDD18D05}.NDoc|Any CPU.ActiveCfg = Release|Win32
		{5B416BF8-98B7-466B-8E9E-2415DDD18D05}.NDoc|Mixed Platforms.ActiveCfg = Release|Win32
		{5B416BF8-98B7-466B-8E9E-2415DDD18D05}.NDoc|Mixed Platforms.Build.0 = Release|Win32
		{5B416BF8-98B7-466B-8E9E-2415DDD18D05}.NDoc|Win32.ActiveCfg = Release|Win32
		{5B416BF8-98B7-466B-8E9E-2415DDD18D05}.NDoc|Win32.Build.0 = Release|Win32
		{5B416BF8-98B7-466B-8E9E-2415DDD18D05}.QuickRun|Any CPU.ActiveCfg = Release|Win32
		{5B416BF8-98B7-466B-8E9E-2415DDD18D05}.QuickRun|Mixed Platforms.ActiveCfg = Release|Win32
		{5B416BF8-98B7-466B-8E9E-2415DDD18D05}.QuickRun|Mixed Platforms.Build.0 = Release|Win32
		{5B416BF8-98B7-466B-8E9E-2415DDD18D05}.QuickRun|Win32.ActiveCfg = Release|Win32
		{5B416BF8-98B7-466B-8E9E-2415DDD18D05}.QuickRun|Win32.Build.0 = Release|Win32
		{5B416BF8-98B7-466B-8E9E-2415DDD18D05}.Release|Any CPU.ActiveCfg = Debug|Win32
		{5B416BF8-98B7-466B-8E9E-2415DDD18D05}.Release|Mixed Platforms.ActiveCfg = Debug|Win32
		{5B416BF8-98B7-466B-8E9E-2415DDD18D05}.Release|Win32.ActiveCfg = Release|Win32
		{5B416BF8-98B7-466B-8E9E-2415DDD18D05}.Release|Win32.Build.0 = Release|Win32
		{098971E0-3A0A-4EC2-A67E-468002E83DE4}.Debug|Any CPU.ActiveCfg = Debug|Any CPU
		{098971E0-3A0A-4EC2-A67E-468002E83DE4}.Debug|Any CPU.Build.0 = Debug|Any CPU
		{098971E0-3A0A-4EC2-A67E-468002E83DE4}.Debug|Mixed Platforms.ActiveCfg = Debug|Any CPU
		{098971E0-3A0A-4EC2-A67E-468002E83DE4}.Debug|Mixed Platforms.Build.0 = Debug|Any CPU
		{098971E0-3A0A-4EC2-A67E-468002E83DE4}.Debug|Win32.ActiveCfg = Debug|Any CPU
		{098971E0-3A0A-4EC2-A67E-468002E83DE4}.Installs|Any CPU.ActiveCfg = Release|Any CPU
		{098971E0-3A0A-4EC2-A67E-468002E83DE4}.Installs|Mixed Platforms.ActiveCfg = Installs|Any CPU
		{098971E0-3A0A-4EC2-A67E-468002E83DE4}.Installs|Mixed Platforms.Build.0 = Installs|Any CPU
		{098971E0-3A0A-4EC2-A67E-468002E83DE4}.Installs|Win32.ActiveCfg = Installs|Any CPU
		{098971E0-3A0A-4EC2-A67E-468002E83DE4}.NDoc|Any CPU.ActiveCfg = Release|Any CPU
		{098971E0-3A0A-4EC2-A67E-468002E83DE4}.NDoc|Any CPU.Build.0 = Release|Any CPU
		{098971E0-3A0A-4EC2-A67E-468002E83DE4}.NDoc|Mixed Platforms.ActiveCfg = Release|Any CPU
		{098971E0-3A0A-4EC2-A67E-468002E83DE4}.NDoc|Mixed Platforms.Build.0 = Release|Any CPU
		{098971E0-3A0A-4EC2-A67E-468002E83DE4}.NDoc|Win32.ActiveCfg = Release|Any CPU
		{098971E0-3A0A-4EC2-A67E-468002E83DE4}.QuickRun|Any CPU.ActiveCfg = Release|Any CPU
		{098971E0-3A0A-4EC2-A67E-468002E83DE4}.QuickRun|Any CPU.Build.0 = Release|Any CPU
		{098971E0-3A0A-4EC2-A67E-468002E83DE4}.QuickRun|Mixed Platforms.ActiveCfg = Release|Any CPU
		{098971E0-3A0A-4EC2-A67E-468002E83DE4}.QuickRun|Mixed Platforms.Build.0 = Release|Any CPU
		{098971E0-3A0A-4EC2-A67E-468002E83DE4}.QuickRun|Win32.ActiveCfg = Release|Any CPU
		{098971E0-3A0A-4EC2-A67E-468002E83DE4}.Release|Any CPU.ActiveCfg = Release|Any CPU
		{098971E0-3A0A-4EC2-A67E-468002E83DE4}.Release|Any CPU.Build.0 = Release|Any CPU
		{098971E0-3A0A-4EC2-A67E-468002E83DE4}.Release|Mixed Platforms.ActiveCfg = Release|Any CPU
		{098971E0-3A0A-4EC2-A67E-468002E83DE4}.Release|Mixed Platforms.Build.0 = Release|Any CPU
		{098971E0-3A0A-4EC2-A67E-468002E83DE4}.Release|Win32.ActiveCfg = Release|Any CPU
		{0CA7EBD3-A24E-4D19-9001-214C81ADAC51}.Debug|Any CPU.ActiveCfg = Debug|Any CPU
		{0CA7EBD3-A24E-4D19-9001-214C81ADAC51}.Debug|Any CPU.Build.0 = Debug|Any CPU
		{0CA7EBD3-A24E-4D19-9001-214C81ADAC51}.Debug|Mixed Platforms.ActiveCfg = Debug|Any CPU
		{0CA7EBD3-A24E-4D19-9001-214C81ADAC51}.Debug|Mixed Platforms.Build.0 = Debug|Any CPU
		{0CA7EBD3-A24E-4D19-9001-214C81ADAC51}.Debug|Win32.ActiveCfg = Debug|Any CPU
		{0CA7EBD3-A24E-4D19-9001-214C81ADAC51}.Installs|Any CPU.ActiveCfg = Release|Any CPU
		{0CA7EBD3-A24E-4D19-9001-214C81ADAC51}.Installs|Any CPU.Build.0 = Release|Any CPU
		{0CA7EBD3-A24E-4D19-9001-214C81ADAC51}.Installs|Mixed Platforms.ActiveCfg = Release|Any CPU
		{0CA7EBD3-A24E-4D19-9001-214C81ADAC51}.Installs|Mixed Platforms.Build.0 = Release|Any CPU
		{0CA7EBD3-A24E-4D19-9001-214C81ADAC51}.Installs|Win32.ActiveCfg = Release|Any CPU
		{0CA7EBD3-A24E-4D19-9001-214C81ADAC51}.NDoc|Any CPU.ActiveCfg = Release|Any CPU
		{0CA7EBD3-A24E-4D19-9001-214C81ADAC51}.NDoc|Any CPU.Build.0 = Release|Any CPU
		{0CA7EBD3-A24E-4D19-9001-214C81ADAC51}.NDoc|Mixed Platforms.ActiveCfg = Release|Any CPU
		{0CA7EBD3-A24E-4D19-9001-214C81ADAC51}.NDoc|Mixed Platforms.Build.0 = Release|Any CPU
		{0CA7EBD3-A24E-4D19-9001-214C81ADAC51}.NDoc|Win32.ActiveCfg = Release|Any CPU
		{0CA7EBD3-A24E-4D19-9001-214C81ADAC51}.QuickRun|Any CPU.ActiveCfg = Release|Any CPU
		{0CA7EBD3-A24E-4D19-9001-214C81ADAC51}.QuickRun|Any CPU.Build.0 = Release|Any CPU
		{0CA7EBD3-A24E-4D19-9001-214C81ADAC51}.QuickRun|Mixed Platforms.ActiveCfg = Release|Any CPU
		{0CA7EBD3-A24E-4D19-9001-214C81ADAC51}.QuickRun|Mixed Platforms.Build.0 = Release|Any CPU
		{0CA7EBD3-A24E-4D19-9001-214C81ADAC51}.QuickRun|Win32.ActiveCfg = Release|Any CPU
		{0CA7EBD3-A24E-4D19-9001-214C81ADAC51}.Release|Any CPU.ActiveCfg = Release|Any CPU
		{0CA7EBD3-A24E-4D19-9001-214C81ADAC51}.Release|Any CPU.Build.0 = Release|Any CPU
		{0CA7EBD3-A24E-4D19-9001-214C81ADAC51}.Release|Mixed Platforms.ActiveCfg = Release|Any CPU
		{0CA7EBD3-A24E-4D19-9001-214C81ADAC51}.Release|Mixed Platforms.Build.0 = Release|Any CPU
		{0CA7EBD3-A24E-4D19-9001-214C81ADAC51}.Release|Win32.ActiveCfg = Release|Any CPU
		{28A734F8-EE8E-4E88-AC75-F2233D542C8A}.Debug|Any CPU.ActiveCfg = Debug|Win32
		{28A734F8-EE8E-4E88-AC75-F2233D542C8A}.Debug|Any CPU.Build.0 = Debug|Win32
		{28A734F8-EE8E-4E88-AC75-F2233D542C8A}.Debug|Mixed Platforms.ActiveCfg = Debug|Win32
		{28A734F8-EE8E-4E88-AC75-F2233D542C8A}.Debug|Mixed Platforms.Build.0 = Debug|Win32
		{28A734F8-EE8E-4E88-AC75-F2233D542C8A}.Debug|Win32.ActiveCfg = Debug|Win32
		{28A734F8-EE8E-4E88-AC75-F2233D542C8A}.Debug|Win32.Build.0 = Debug|Win32
		{28A734F8-EE8E-4E88-AC75-F2233D542C8A}.Installs|Any CPU.ActiveCfg = Release|Win32
		{28A734F8-EE8E-4E88-AC75-F2233D542C8A}.Installs|Mixed Platforms.ActiveCfg = Release|Win32
		{28A734F8-EE8E-4E88-AC75-F2233D542C8A}.Installs|Mixed Platforms.Build.0 = Release|Win32
		{28A734F8-EE8E-4E88-AC75-F2233D542C8A}.Installs|Win32.ActiveCfg = Release|Win32
		{28A734F8-EE8E-4E88-AC75-F2233D542C8A}.Installs|Win32.Build.0 = Release|Win32
		{28A734F8-EE8E-4E88-AC75-F2233D542C8A}.NDoc|Any CPU.ActiveCfg = Release|Win32
		{28A734F8-EE8E-4E88-AC75-F2233D542C8A}.NDoc|Mixed Platforms.ActiveCfg = Release|Win32
		{28A734F8-EE8E-4E88-AC75-F2233D542C8A}.NDoc|Mixed Platforms.Build.0 = Release|Win32
		{28A734F8-EE8E-4E88-AC75-F2233D542C8A}.NDoc|Win32.ActiveCfg = Release|Win32
		{28A734F8-EE8E-4E88-AC75-F2233D542C8A}.NDoc|Win32.Build.0 = Release|Win32
		{28A734F8-EE8E-4E88-AC75-F2233D542C8A}.QuickRun|Any CPU.ActiveCfg = Release|Win32
		{28A734F8-EE8E-4E88-AC75-F2233D542C8A}.QuickRun|Mixed Platforms.ActiveCfg = Release|Win32
		{28A734F8-EE8E-4E88-AC75-F2233D542C8A}.QuickRun|Mixed Platforms.Build.0 = Release|Win32
		{28A734F8-EE8E-4E88-AC75-F2233D542C8A}.QuickRun|Win32.ActiveCfg = Release|Win32
		{28A734F8-EE8E-4E88-AC75-F2233D542C8A}.QuickRun|Win32.Build.0 = Release|Win32
		{28A734F8-EE8E-4E88-AC75-F2233D542C8A}.Release|Any CPU.ActiveCfg = Release|Win32
		{28A734F8-EE8E-4E88-AC75-F2233D542C8A}.Release|Any CPU.Build.0 = Release|Win32
		{28A734F8-EE8E-4E88-AC75-F2233D542C8A}.Release|Mixed Platforms.ActiveCfg = Release|Win32
		{28A734F8-EE8E-4E88-AC75-F2233D542C8A}.Release|Mixed Platforms.Build.0 = Release|Win32
		{28A734F8-EE8E-4E88-AC75-F2233D542C8A}.Release|Win32.ActiveCfg = Release|Win32
		{28A734F8-EE8E-4E88-AC75-F2233D542C8A}.Release|Win32.Build.0 = Release|Win32
		{5F241C63-8AAD-49CE-BEBA-D822DB5BD7DD}.Debug|Any CPU.ActiveCfg = Debug|Win32
		{5F241C63-8AAD-49CE-BEBA-D822DB5BD7DD}.Debug|Any CPU.Build.0 = Debug|Win32
		{5F241C63-8AAD-49CE-BEBA-D822DB5BD7DD}.Debug|Mixed Platforms.ActiveCfg = Debug|Win32
		{5F241C63-8AAD-49CE-BEBA-D822DB5BD7DD}.Debug|Mixed Platforms.Build.0 = Debug|Win32
		{5F241C63-8AAD-49CE-BEBA-D822DB5BD7DD}.Debug|Win32.ActiveCfg = Debug|Win32
		{5F241C63-8AAD-49CE-BEBA-D822DB5BD7DD}.Debug|Win32.Build.0 = Debug|Win32
		{5F241C63-8AAD-49CE-BEBA-D822DB5BD7DD}.Installs|Any CPU.ActiveCfg = Release|Win32
		{5F241C63-8AAD-49CE-BEBA-D822DB5BD7DD}.Installs|Mixed Platforms.ActiveCfg = Release|Win32
		{5F241C63-8AAD-49CE-BEBA-D822DB5BD7DD}.Installs|Mixed Platforms.Build.0 = Release|Win32
		{5F241C63-8AAD-49CE-BEBA-D822DB5BD7DD}.Installs|Win32.ActiveCfg = Release|Win32
		{5F241C63-8AAD-49CE-BEBA-D822DB5BD7DD}.Installs|Win32.Build.0 = Release|Win32
		{5F241C63-8AAD-49CE-BEBA-D822DB5BD7DD}.NDoc|Any CPU.ActiveCfg = Release|Win32
		{5F241C63-8AAD-49CE-BEBA-D822DB5BD7DD}.NDoc|Mixed Platforms.ActiveCfg = Release|Win32
		{5F241C63-8AAD-49CE-BEBA-D822DB5BD7DD}.NDoc|Mixed Platforms.Build.0 = Release|Win32
		{5F241C63-8AAD-49CE-BEBA-D822DB5BD7DD}.NDoc|Win32.ActiveCfg = Release|Win32
		{5F241C63-8AAD-49CE-BEBA-D822DB5BD7DD}.NDoc|Win32.Build.0 = Release|Win32
		{5F241C63-8AAD-49CE-BEBA-D822DB5BD7DD}.QuickRun|Any CPU.ActiveCfg = Release|Win32
		{5F241C63-8AAD-49CE-BEBA-D822DB5BD7DD}.QuickRun|Mixed Platforms.ActiveCfg = Release|Win32
		{5F241C63-8AAD-49CE-BEBA-D822DB5BD7DD}.QuickRun|Mixed Platforms.Build.0 = Release|Win32
		{5F241C63-8AAD-49CE-BEBA-D822DB5BD7DD}.QuickRun|Win32.ActiveCfg = Release|Win32
		{5F241C63-8AAD-49CE-BEBA-D822DB5BD7DD}.QuickRun|Win32.Build.0 = Release|Win32
		{5F241C63-8AAD-49CE-BEBA-D822DB5BD7DD}.Release|Any CPU.ActiveCfg = Release|Win32
		{5F241C63-8AAD-49CE-BEBA-D822DB5BD7DD}.Release|Mixed Platforms.ActiveCfg = Release|Win32
		{5F241C63-8AAD-49CE-BEBA-D822DB5BD7DD}.Release|Mixed Platforms.Build.0 = Release|Win32
		{5F241C63-8AAD-49CE-BEBA-D822DB5BD7DD}.Release|Win32.ActiveCfg = Release|Win32
		{5F241C63-8AAD-49CE-BEBA-D822DB5BD7DD}.Release|Win32.Build.0 = Release|Win32
		{20A0A526-729F-4895-9D0F-8026AF1BA03B}.Debug|Any CPU.ActiveCfg = Debug|Any CPU
		{20A0A526-729F-4895-9D0F-8026AF1BA03B}.Debug|Any CPU.Build.0 = Debug|Any CPU
		{20A0A526-729F-4895-9D0F-8026AF1BA03B}.Debug|Mixed Platforms.ActiveCfg = Debug|Any CPU
		{20A0A526-729F-4895-9D0F-8026AF1BA03B}.Debug|Mixed Platforms.Build.0 = Debug|Any CPU
		{20A0A526-729F-4895-9D0F-8026AF1BA03B}.Debug|Win32.ActiveCfg = Debug|Any CPU
		{20A0A526-729F-4895-9D0F-8026AF1BA03B}.Installs|Any CPU.ActiveCfg = Release|Any CPU
		{20A0A526-729F-4895-9D0F-8026AF1BA03B}.Installs|Any CPU.Build.0 = Release|Any CPU
		{20A0A526-729F-4895-9D0F-8026AF1BA03B}.Installs|Mixed Platforms.ActiveCfg = Release|Any CPU
		{20A0A526-729F-4895-9D0F-8026AF1BA03B}.Installs|Mixed Platforms.Build.0 = Release|Any CPU
		{20A0A526-729F-4895-9D0F-8026AF1BA03B}.Installs|Win32.ActiveCfg = Release|Any CPU
		{20A0A526-729F-4895-9D0F-8026AF1BA03B}.NDoc|Any CPU.ActiveCfg = Release|Any CPU
		{20A0A526-729F-4895-9D0F-8026AF1BA03B}.NDoc|Any CPU.Build.0 = Release|Any CPU
		{20A0A526-729F-4895-9D0F-8026AF1BA03B}.NDoc|Mixed Platforms.ActiveCfg = Release|Any CPU
		{20A0A526-729F-4895-9D0F-8026AF1BA03B}.NDoc|Mixed Platforms.Build.0 = Release|Any CPU
		{20A0A526-729F-4895-9D0F-8026AF1BA03B}.NDoc|Win32.ActiveCfg = Release|Any CPU
		{20A0A526-729F-4895-9D0F-8026AF1BA03B}.QuickRun|Any CPU.ActiveCfg = Release|Any CPU
		{20A0A526-729F-4895-9D0F-8026AF1BA03B}.QuickRun|Any CPU.Build.0 = Release|Any CPU
		{20A0A526-729F-4895-9D0F-8026AF1BA03B}.QuickRun|Mixed Platforms.ActiveCfg = Release|Any CPU
		{20A0A526-729F-4895-9D0F-8026AF1BA03B}.QuickRun|Mixed Platforms.Build.0 = Release|Any CPU
		{20A0A526-729F-4895-9D0F-8026AF1BA03B}.QuickRun|Win32.ActiveCfg = Release|Any CPU
		{20A0A526-729F-4895-9D0F-8026AF1BA03B}.Release|Any CPU.ActiveCfg = Release|Any CPU
		{20A0A526-729F-4895-9D0F-8026AF1BA03B}.Release|Any CPU.Build.0 = Release|Any CPU
		{20A0A526-729F-4895-9D0F-8026AF1BA03B}.Release|Mixed Platforms.ActiveCfg = Release|Any CPU
		{20A0A526-729F-4895-9D0F-8026AF1BA03B}.Release|Mixed Platforms.Build.0 = Release|Any CPU
		{20A0A526-729F-4895-9D0F-8026AF1BA03B}.Release|Win32.ActiveCfg = Release|Any CPU
		{60C49F8C-2D40-4606-A8BA-DCD45DED4DF0}.Debug|Any CPU.ActiveCfg = Debug|Any CPU
		{60C49F8C-2D40-4606-A8BA-DCD45DED4DF0}.Debug|Any CPU.Build.0 = Debug|Any CPU
		{60C49F8C-2D40-4606-A8BA-DCD45DED4DF0}.Debug|Mixed Platforms.ActiveCfg = Debug|Any CPU
		{60C49F8C-2D40-4606-A8BA-DCD45DED4DF0}.Debug|Mixed Platforms.Build.0 = Debug|Any CPU
		{60C49F8C-2D40-4606-A8BA-DCD45DED4DF0}.Debug|Win32.ActiveCfg = Debug|Any CPU
		{60C49F8C-2D40-4606-A8BA-DCD45DED4DF0}.Installs|Any CPU.ActiveCfg = Release|Any CPU
		{60C49F8C-2D40-4606-A8BA-DCD45DED4DF0}.Installs|Any CPU.Build.0 = Release|Any CPU
		{60C49F8C-2D40-4606-A8BA-DCD45DED4DF0}.Installs|Mixed Platforms.ActiveCfg = Release|Any CPU
		{60C49F8C-2D40-4606-A8BA-DCD45DED4DF0}.Installs|Mixed Platforms.Build.0 = Release|Any CPU
		{60C49F8C-2D40-4606-A8BA-DCD45DED4DF0}.Installs|Win32.ActiveCfg = Release|Any CPU
		{60C49F8C-2D40-4606-A8BA-DCD45DED4DF0}.NDoc|Any CPU.ActiveCfg = Release|Any CPU
		{60C49F8C-2D40-4606-A8BA-DCD45DED4DF0}.NDoc|Any CPU.Build.0 = Release|Any CPU
		{60C49F8C-2D40-4606-A8BA-DCD45DED4DF0}.NDoc|Mixed Platforms.ActiveCfg = Release|Any CPU
		{60C49F8C-2D40-4606-A8BA-DCD45DED4DF0}.NDoc|Mixed Platforms.Build.0 = Release|Any CPU
		{60C49F8C-2D40-4606-A8BA-DCD45DED4DF0}.NDoc|Win32.ActiveCfg = Release|Any CPU
		{60C49F8C-2D40-4606-A8BA-DCD45DED4DF0}.QuickRun|Any CPU.ActiveCfg = Release|Any CPU
		{60C49F8C-2D40-4606-A8BA-DCD45DED4DF0}.QuickRun|Any CPU.Build.0 = Release|Any CPU
		{60C49F8C-2D40-4606-A8BA-DCD45DED4DF0}.QuickRun|Mixed Platforms.ActiveCfg = Release|Any CPU
		{60C49F8C-2D40-4606-A8BA-DCD45DED4DF0}.QuickRun|Mixed Platforms.Build.0 = Release|Any CPU
		{60C49F8C-2D40-4606-A8BA-DCD45DED4DF0}.QuickRun|Win32.ActiveCfg = Release|Any CPU
		{60C49F8C-2D40-4606-A8BA-DCD45DED4DF0}.Release|Any CPU.ActiveCfg = Release|Any CPU
		{60C49F8C-2D40-4606-A8BA-DCD45DED4DF0}.Release|Any CPU.Build.0 = Release|Any CPU
		{60C49F8C-2D40-4606-A8BA-DCD45DED4DF0}.Release|Mixed Platforms.ActiveCfg = Release|Any CPU
		{60C49F8C-2D40-4606-A8BA-DCD45DED4DF0}.Release|Mixed Platforms.Build.0 = Release|Any CPU
		{60C49F8C-2D40-4606-A8BA-DCD45DED4DF0}.Release|Win32.ActiveCfg = Release|Any CPU
		{10D55C0F-517B-4F59-9EC0-861259F9E86E}.Debug|Any CPU.ActiveCfg = Debug|Any CPU
		{10D55C0F-517B-4F59-9EC0-861259F9E86E}.Debug|Any CPU.Build.0 = Debug|Any CPU
		{10D55C0F-517B-4F59-9EC0-861259F9E86E}.Debug|Mixed Platforms.ActiveCfg = Debug|Any CPU
		{10D55C0F-517B-4F59-9EC0-861259F9E86E}.Debug|Mixed Platforms.Build.0 = Debug|Any CPU
		{10D55C0F-517B-4F59-9EC0-861259F9E86E}.Debug|Win32.ActiveCfg = Debug|Any CPU
		{10D55C0F-517B-4F59-9EC0-861259F9E86E}.Installs|Any CPU.ActiveCfg = Release|Any CPU
		{10D55C0F-517B-4F59-9EC0-861259F9E86E}.Installs|Any CPU.Build.0 = Release|Any CPU
		{10D55C0F-517B-4F59-9EC0-861259F9E86E}.Installs|Mixed Platforms.ActiveCfg = Release|Any CPU
		{10D55C0F-517B-4F59-9EC0-861259F9E86E}.Installs|Mixed Platforms.Build.0 = Release|Any CPU
		{10D55C0F-517B-4F59-9EC0-861259F9E86E}.Installs|Win32.ActiveCfg = Release|Any CPU
		{10D55C0F-517B-4F59-9EC0-861259F9E86E}.NDoc|Any CPU.ActiveCfg = Release|Any CPU
		{10D55C0F-517B-4F59-9EC0-861259F9E86E}.NDoc|Any CPU.Build.0 = Release|Any CPU
		{10D55C0F-517B-4F59-9EC0-861259F9E86E}.NDoc|Mixed Platforms.ActiveCfg = Release|Any CPU
		{10D55C0F-517B-4F59-9EC0-861259F9E86E}.NDoc|Mixed Platforms.Build.0 = Release|Any CPU
		{10D55C0F-517B-4F59-9EC0-861259F9E86E}.NDoc|Win32.ActiveCfg = Release|Any CPU
		{10D55C0F-517B-4F59-9EC0-861259F9E86E}.QuickRun|Any CPU.ActiveCfg = Release|Any CPU
		{10D55C0F-517B-4F59-9EC0-861259F9E86E}.QuickRun|Any CPU.Build.0 = Release|Any CPU
		{10D55C0F-517B-4F59-9EC0-861259F9E86E}.QuickRun|Mixed Platforms.ActiveCfg = Release|Any CPU
		{10D55C0F-517B-4F59-9EC0-861259F9E86E}.QuickRun|Mixed Platforms.Build.0 = Release|Any CPU
		{10D55C0F-517B-4F59-9EC0-861259F9E86E}.QuickRun|Win32.ActiveCfg = Release|Any CPU
		{10D55C0F-517B-4F59-9EC0-861259F9E86E}.Release|Any CPU.ActiveCfg = Release|Any CPU
		{10D55C0F-517B-4F59-9EC0-861259F9E86E}.Release|Any CPU.Build.0 = Release|Any CPU
		{10D55C0F-517B-4F59-9EC0-861259F9E86E}.Release|Mixed Platforms.ActiveCfg = Release|Any CPU
		{10D55C0F-517B-4F59-9EC0-861259F9E86E}.Release|Mixed Platforms.Build.0 = Release|Any CPU
		{10D55C0F-517B-4F59-9EC0-861259F9E86E}.Release|Win32.ActiveCfg = Release|Any CPU
		{C2E4BFC4-18C6-4028-9FD0-B7110A4568A2}.Debug|Any CPU.ActiveCfg = Debug|Win32
		{C2E4BFC4-18C6-4028-9FD0-B7110A4568A2}.Debug|Mixed Platforms.ActiveCfg = Debug|Win32
		{C2E4BFC4-18C6-4028-9FD0-B7110A4568A2}.Debug|Mixed Platforms.Build.0 = Debug|Win32
		{C2E4BFC4-18C6-4028-9FD0-B7110A4568A2}.Debug|Win32.ActiveCfg = Debug|Win32
		{C2E4BFC4-18C6-4028-9FD0-B7110A4568A2}.Debug|Win32.Build.0 = Debug|Win32
		{C2E4BFC4-18C6-4028-9FD0-B7110A4568A2}.Installs|Any CPU.ActiveCfg = Release|Win32
		{C2E4BFC4-18C6-4028-9FD0-B7110A4568A2}.Installs|Mixed Platforms.ActiveCfg = Release|Win32
		{C2E4BFC4-18C6-4028-9FD0-B7110A4568A2}.Installs|Mixed Platforms.Build.0 = Release|Win32
		{C2E4BFC4-18C6-4028-9FD0-B7110A4568A2}.Installs|Win32.ActiveCfg = Release|Win32
		{C2E4BFC4-18C6-4028-9FD0-B7110A4568A2}.Installs|Win32.Build.0 = Release|Win32
		{C2E4BFC4-18C6-4028-9FD0-B7110A4568A2}.NDoc|Any CPU.ActiveCfg = Release|Win32
		{C2E4BFC4-18C6-4028-9FD0-B7110A4568A2}.NDoc|Mixed Platforms.ActiveCfg = Release|Win32
		{C2E4BFC4-18C6-4028-9FD0-B7110A4568A2}.NDoc|Mixed Platforms.Build.0 = Release|Win32
		{C2E4BFC4-18C6-4028-9FD0-B7110A4568A2}.NDoc|Win32.ActiveCfg = Release|Win32
		{C2E4BFC4-18C6-4028-9FD0-B7110A4568A2}.NDoc|Win32.Build.0 = Release|Win32
		{C2E4BFC4-18C6-4028-9FD0-B7110A4568A2}.QuickRun|Any CPU.ActiveCfg = Release|Win32
		{C2E4BFC4-18C6-4028-9FD0-B7110A4568A2}.QuickRun|Mixed Platforms.ActiveCfg = Release|Win32
		{C2E4BFC4-18C6-4028-9FD0-B7110A4568A2}.QuickRun|Mixed Platforms.Build.0 = Release|Win32
		{C2E4BFC4-18C6-4028-9FD0-B7110A4568A2}.QuickRun|Win32.ActiveCfg = Release|Win32
		{C2E4BFC4-18C6-4028-9FD0-B7110A4568A2}.QuickRun|Win32.Build.0 = Release|Win32
		{C2E4BFC4-18C6-4028-9FD0-B7110A4568A2}.Release|Any CPU.ActiveCfg = Release|Win32
		{C2E4BFC4-18C6-4028-9FD0-B7110A4568A2}.Release|Mixed Platforms.ActiveCfg = Release|Win32
		{C2E4BFC4-18C6-4028-9FD0-B7110A4568A2}.Release|Mixed Platforms.Build.0 = Release|Win32
		{C2E4BFC4-18C6-4028-9FD0-B7110A4568A2}.Release|Win32.ActiveCfg = Release|Win32
		{C2E4BFC4-18C6-4028-9FD0-B7110A4568A2}.Release|Win32.Build.0 = Release|Win32
		{BA829AF7-71AD-4933-95CB-3A21CC6768B0}.Debug|Any CPU.ActiveCfg = Debug|Any CPU
		{BA829AF7-71AD-4933-95CB-3A21CC6768B0}.Debug|Any CPU.Build.0 = Debug|Any CPU
		{BA829AF7-71AD-4933-95CB-3A21CC6768B0}.Debug|Mixed Platforms.ActiveCfg = Debug|Any CPU
		{BA829AF7-71AD-4933-95CB-3A21CC6768B0}.Debug|Mixed Platforms.Build.0 = Debug|Any CPU
		{BA829AF7-71AD-4933-95CB-3A21CC6768B0}.Debug|Win32.ActiveCfg = Debug|Any CPU
		{BA829AF7-71AD-4933-95CB-3A21CC6768B0}.Installs|Any CPU.ActiveCfg = Release|Any CPU
		{BA829AF7-71AD-4933-95CB-3A21CC6768B0}.Installs|Any CPU.Build.0 = Release|Any CPU
		{BA829AF7-71AD-4933-95CB-3A21CC6768B0}.Installs|Mixed Platforms.ActiveCfg = Release|Any CPU
		{BA829AF7-71AD-4933-95CB-3A21CC6768B0}.Installs|Mixed Platforms.Build.0 = Release|Any CPU
		{BA829AF7-71AD-4933-95CB-3A21CC6768B0}.Installs|Win32.ActiveCfg = Release|Any CPU
		{BA829AF7-71AD-4933-95CB-3A21CC6768B0}.NDoc|Any CPU.ActiveCfg = Release|Any CPU
		{BA829AF7-71AD-4933-95CB-3A21CC6768B0}.NDoc|Any CPU.Build.0 = Release|Any CPU
		{BA829AF7-71AD-4933-95CB-3A21CC6768B0}.NDoc|Mixed Platforms.ActiveCfg = Release|Any CPU
		{BA829AF7-71AD-4933-95CB-3A21CC6768B0}.NDoc|Mixed Platforms.Build.0 = Release|Any CPU
		{BA829AF7-71AD-4933-95CB-3A21CC6768B0}.NDoc|Win32.ActiveCfg = Release|Any CPU
		{BA829AF7-71AD-4933-95CB-3A21CC6768B0}.QuickRun|Any CPU.ActiveCfg = Release|Any CPU
		{BA829AF7-71AD-4933-95CB-3A21CC6768B0}.QuickRun|Any CPU.Build.0 = Release|Any CPU
		{BA829AF7-71AD-4933-95CB-3A21CC6768B0}.QuickRun|Mixed Platforms.ActiveCfg = Release|Any CPU
		{BA829AF7-71AD-4933-95CB-3A21CC6768B0}.QuickRun|Mixed Platforms.Build.0 = Release|Any CPU
		{BA829AF7-71AD-4933-95CB-3A21CC6768B0}.QuickRun|Win32.ActiveCfg = Release|Any CPU
		{BA829AF7-71AD-4933-95CB-3A21CC6768B0}.Release|Any CPU.ActiveCfg = Release|Any CPU
		{BA829AF7-71AD-4933-95CB-3A21CC6768B0}.Release|Any CPU.Build.0 = Release|Any CPU
		{BA829AF7-71AD-4933-95CB-3A21CC6768B0}.Release|Mixed Platforms.ActiveCfg = Release|Any CPU
		{BA829AF7-71AD-4933-95CB-3A21CC6768B0}.Release|Mixed Platforms.Build.0 = Release|Any CPU
		{BA829AF7-71AD-4933-95CB-3A21CC6768B0}.Release|Win32.ActiveCfg = Release|Any CPU
		{D1C2A389-7F49-4194-9FEF-25BD8A2A2F41}.Debug|Any CPU.ActiveCfg = Debug|Any CPU
		{D1C2A389-7F49-4194-9FEF-25BD8A2A2F41}.Debug|Any CPU.Build.0 = Debug|Any CPU
		{D1C2A389-7F49-4194-9FEF-25BD8A2A2F41}.Debug|Mixed Platforms.ActiveCfg = Debug|Any CPU
		{D1C2A389-7F49-4194-9FEF-25BD8A2A2F41}.Debug|Mixed Platforms.Build.0 = Debug|Any CPU
		{D1C2A389-7F49-4194-9FEF-25BD8A2A2F41}.Debug|Win32.ActiveCfg = Debug|Any CPU
		{D1C2A389-7F49-4194-9FEF-25BD8A2A2F41}.Installs|Any CPU.ActiveCfg = Release|Any CPU
		{D1C2A389-7F49-4194-9FEF-25BD8A2A2F41}.Installs|Any CPU.Build.0 = Release|Any CPU
		{D1C2A389-7F49-4194-9FEF-25BD8A2A2F41}.Installs|Mixed Platforms.ActiveCfg = Release|Any CPU
		{D1C2A389-7F49-4194-9FEF-25BD8A2A2F41}.Installs|Mixed Platforms.Build.0 = Release|Any CPU
		{D1C2A389-7F49-4194-9FEF-25BD8A2A2F41}.Installs|Win32.ActiveCfg = Release|Any CPU
		{D1C2A389-7F49-4194-9FEF-25BD8A2A2F41}.NDoc|Any CPU.ActiveCfg = Release|Any CPU
		{D1C2A389-7F49-4194-9FEF-25BD8A2A2F41}.NDoc|Any CPU.Build.0 = Release|Any CPU
		{D1C2A389-7F49-4194-9FEF-25BD8A2A2F41}.NDoc|Mixed Platforms.ActiveCfg = Release|Any CPU
		{D1C2A389-7F49-4194-9FEF-25BD8A2A2F41}.NDoc|Mixed Platforms.Build.0 = Release|Any CPU
		{D1C2A389-7F49-4194-9FEF-25BD8A2A2F41}.NDoc|Win32.ActiveCfg = Release|Any CPU
		{D1C2A389-7F49-4194-9FEF-25BD8A2A2F41}.QuickRun|Any CPU.ActiveCfg = Release|Any CPU
		{D1C2A389-7F49-4194-9FEF-25BD8A2A2F41}.QuickRun|Any CPU.Build.0 = Release|Any CPU
		{D1C2A389-7F49-4194-9FEF-25BD8A2A2F41}.QuickRun|Mixed Platforms.ActiveCfg = Release|Any CPU
		{D1C2A389-7F49-4194-9FEF-25BD8A2A2F41}.QuickRun|Mixed Platforms.Build.0 = Release|Any CPU
		{D1C2A389-7F49-4194-9FEF-25BD8A2A2F41}.QuickRun|Win32.ActiveCfg = Release|Any CPU
		{D1C2A389-7F49-4194-9FEF-25BD8A2A2F41}.Release|Any CPU.ActiveCfg = Release|Any CPU
		{D1C2A389-7F49-4194-9FEF-25BD8A2A2F41}.Release|Any CPU.Build.0 = Release|Any CPU
		{D1C2A389-7F49-4194-9FEF-25BD8A2A2F41}.Release|Mixed Platforms.ActiveCfg = Release|Any CPU
		{D1C2A389-7F49-4194-9FEF-25BD8A2A2F41}.Release|Mixed Platforms.Build.0 = Release|Any CPU
		{D1C2A389-7F49-4194-9FEF-25BD8A2A2F41}.Release|Win32.ActiveCfg = Release|Any CPU
	EndGlobalSection
	GlobalSection(SolutionProperties) = preSolution
		HideSolutionNode = FALSE
	EndGlobalSection
EndGlobal
